// !$*UTF8*$!
{
	archiveVersion = 1;
	classes = {
	};
	objectVersion = 55;
	objects = {

/* Begin PBXBuildFile section */
		485639F427DAF87D002B4B46 /* AppDelegate.swift in Sources */ = {isa = PBXBuildFile; fileRef = 485639F327DAF87D002B4B46 /* AppDelegate.swift */; };
		485639F627DAF87D002B4B46 /* SceneDelegate.swift in Sources */ = {isa = PBXBuildFile; fileRef = 485639F527DAF87D002B4B46 /* SceneDelegate.swift */; };
		485639F827DAF87D002B4B46 /* ViewController.swift in Sources */ = {isa = PBXBuildFile; fileRef = 485639F727DAF87D002B4B46 /* ViewController.swift */; };
		485639FB27DAF87D002B4B46 /* Main.storyboard in Resources */ = {isa = PBXBuildFile; fileRef = 485639F927DAF87D002B4B46 /* Main.storyboard */; };
		485639FE27DAF87D002B4B46 /* AssignmentTen.xcdatamodeld in Sources */ = {isa = PBXBuildFile; fileRef = 485639FC27DAF87D002B4B46 /* AssignmentTen.xcdatamodeld */; };
		48563A0027DAF87F002B4B46 /* Assets.xcassets in Resources */ = {isa = PBXBuildFile; fileRef = 485639FF27DAF87F002B4B46 /* Assets.xcassets */; };
		48563A0327DAF87F002B4B46 /* LaunchScreen.storyboard in Resources */ = {isa = PBXBuildFile; fileRef = 48563A0127DAF87F002B4B46 /* LaunchScreen.storyboard */; };
		48563A0B27DAF8C0002B4B46 /* TodoTableViewCell.swift in Sources */ = {isa = PBXBuildFile; fileRef = 48563A0A27DAF8C0002B4B46 /* TodoTableViewCell.swift */; };
		48563A1327DAFF92002B4B46 /* TaskItem+CoreDataClass.swift in Sources */ = {isa = PBXBuildFile; fileRef = 48563A1127DAFF91002B4B46 /* TaskItem+CoreDataClass.swift */; };
		48563A1427DAFF92002B4B46 /* TaskItem+CoreDataProperties.swift in Sources */ = {isa = PBXBuildFile; fileRef = 48563A1227DAFF91002B4B46 /* TaskItem+CoreDataProperties.swift */; };
/* End PBXBuildFile section */

/* Begin PBXFileReference section */
		485639F027DAF87D002B4B46 /* AssignmentTen.app */ = {isa = PBXFileReference; explicitFileType = wrapper.application; includeInIndex = 0; path = AssignmentTen.app; sourceTree = BUILT_PRODUCTS_DIR; };
		485639F327DAF87D002B4B46 /* AppDelegate.swift */ = {isa = PBXFileReference; lastKnownFileType = sourcecode.swift; path = AppDelegate.swift; sourceTree = "<group>"; };
		485639F527DAF87D002B4B46 /* SceneDelegate.swift */ = {isa = PBXFileReference; lastKnownFileType = sourcecode.swift; path = SceneDelegate.swift; sourceTree = "<group>"; };
		485639F727DAF87D002B4B46 /* ViewController.swift */ = {isa = PBXFileReference; lastKnownFileType = sourcecode.swift; path = ViewController.swift; sourceTree = "<group>"; };
		485639FA27DAF87D002B4B46 /* Base */ = {isa = PBXFileReference; lastKnownFileType = file.storyboard; name = Base; path = Base.lproj/Main.storyboard; sourceTree = "<group>"; };
		485639FD27DAF87D002B4B46 /* AssignmentTen.xcdatamodel */ = {isa = PBXFileReference; lastKnownFileType = wrapper.xcdatamodel; path = AssignmentTen.xcdatamodel; sourceTree = "<group>"; };
		485639FF27DAF87F002B4B46 /* Assets.xcassets */ = {isa = PBXFileReference; lastKnownFileType = folder.assetcatalog; path = Assets.xcassets; sourceTree = "<group>"; };
		48563A0227DAF87F002B4B46 /* Base */ = {isa = PBXFileReference; lastKnownFileType = file.storyboard; name = Base; path = Base.lproj/LaunchScreen.storyboard; sourceTree = "<group>"; };
		48563A0427DAF87F002B4B46 /* Info.plist */ = {isa = PBXFileReference; lastKnownFileType = text.plist.xml; path = Info.plist; sourceTree = "<group>"; };
		48563A0A27DAF8C0002B4B46 /* TodoTableViewCell.swift */ = {isa = PBXFileReference; lastKnownFileType = sourcecode.swift; path = TodoTableViewCell.swift; sourceTree = "<group>"; };
		48563A1127DAFF91002B4B46 /* TaskItem+CoreDataClass.swift */ = {isa = PBXFileReference; lastKnownFileType = sourcecode.swift; path = "TaskItem+CoreDataClass.swift"; sourceTree = "<group>"; };
		48563A1227DAFF91002B4B46 /* TaskItem+CoreDataProperties.swift */ = {isa = PBXFileReference; lastKnownFileType = sourcecode.swift; path = "TaskItem+CoreDataProperties.swift"; sourceTree = "<group>"; };
/* End PBXFileReference section */

/* Begin PBXFrameworksBuildPhase section */
		485639ED27DAF87C002B4B46 /* Frameworks */ = {
			isa = PBXFrameworksBuildPhase;
			buildActionMask = 2147483647;
			files = (
			);
			runOnlyForDeploymentPostprocessing = 0;
		};
/* End PBXFrameworksBuildPhase section */

/* Begin PBXGroup section */
		485639E727DAF87C002B4B46 = {
			isa = PBXGroup;
			children = (
				485639F227DAF87D002B4B46 /* AssignmentTen */,
				485639F127DAF87D002B4B46 /* Products */,
			);
			sourceTree = "<group>";
		};
		485639F127DAF87D002B4B46 /* Products */ = {
			isa = PBXGroup;
			children = (
				485639F027DAF87D002B4B46 /* AssignmentTen.app */,
			);
			name = Products;
			sourceTree = "<group>";
		};
		485639F227DAF87D002B4B46 /* AssignmentTen */ = {
			isa = PBXGroup;
			children = (
				48563A1027DAFE86002B4B46 /* coredata */,
				485639F327DAF87D002B4B46 /* AppDelegate.swift */,
				485639F527DAF87D002B4B46 /* SceneDelegate.swift */,
				485639F727DAF87D002B4B46 /* ViewController.swift */,
				485639F927DAF87D002B4B46 /* Main.storyboard */,
				485639FF27DAF87F002B4B46 /* Assets.xcassets */,
				48563A0127DAF87F002B4B46 /* LaunchScreen.storyboard */,
				48563A0427DAF87F002B4B46 /* Info.plist */,
				485639FC27DAF87D002B4B46 /* AssignmentTen.xcdatamodeld */,
				48563A0A27DAF8C0002B4B46 /* TodoTableViewCell.swift */,
			);
			path = AssignmentTen;
			sourceTree = "<group>";
		};
		48563A1027DAFE86002B4B46 /* coredata */ = {
			isa = PBXGroup;
			children = (
				48563A1127DAFF91002B4B46 /* TaskItem+CoreDataClass.swift */,
				48563A1227DAFF91002B4B46 /* TaskItem+CoreDataProperties.swift */,
			);
			path = coredata;
			sourceTree = "<group>";
		};
/* End PBXGroup section */

/* Begin PBXNativeTarget section */
		485639EF27DAF87C002B4B46 /* AssignmentTen */ = {
			isa = PBXNativeTarget;
			buildConfigurationList = 48563A0727DAF87F002B4B46 /* Build configuration list for PBXNativeTarget "AssignmentTen" */;
			buildPhases = (
				485639EC27DAF87C002B4B46 /* Sources */,
				485639ED27DAF87C002B4B46 /* Frameworks */,
				485639EE27DAF87C002B4B46 /* Resources */,
			);
			buildRules = (
			);
			dependencies = (
			);
			name = AssignmentTen;
			productName = AssignmentTen;
			productReference = 485639F027DAF87D002B4B46 /* AssignmentTen.app */;
			productType = "com.apple.product-type.application";
		};
/* End PBXNativeTarget section */

/* Begin PBXProject section */
		485639E827DAF87C002B4B46 /* Project object */ = {
			isa = PBXProject;
			attributes = {
				BuildIndependentTargetsInParallel = 1;
				LastSwiftUpdateCheck = 1320;
				LastUpgradeCheck = 1320;
				TargetAttributes = {
					485639EF27DAF87C002B4B46 = {
						CreatedOnToolsVersion = 13.2.1;
					};
				};
			};
			buildConfigurationList = 485639EB27DAF87C002B4B46 /* Build configuration list for PBXProject "AssignmentTen" */;
			compatibilityVersion = "Xcode 13.0";
			developmentRegion = en;
			hasScannedForEncodings = 0;
			knownRegions = (
				en,
				Base,
			);
			mainGroup = 485639E727DAF87C002B4B46;
			productRefGroup = 485639F127DAF87D002B4B46 /* Products */;
			projectDirPath = "";
			projectRoot = "";
			targets = (
				485639EF27DAF87C002B4B46 /* AssignmentTen */,
			);
		};
/* End PBXProject section */

/* Begin PBXResourcesBuildPhase section */
		485639EE27DAF87C002B4B46 /* Resources */ = {
			isa = PBXResourcesBuildPhase;
			buildActionMask = 2147483647;
			files = (
				48563A0327DAF87F002B4B46 /* LaunchScreen.storyboard in Resources */,
				48563A0027DAF87F002B4B46 /* Assets.xcassets in Resources */,
				485639FB27DAF87D002B4B46 /* Main.storyboard in Resources */,
			);
			runOnlyForDeploymentPostprocessing = 0;
		};
/* End PBXResourcesBuildPhase section */

/* Begin PBXSourcesBuildPhase section */
		485639EC27DAF87C002B4B46 /* Sources */ = {
			isa = PBXSourcesBuildPhase;
			buildActionMask = 2147483647;
			files = (
				485639F827DAF87D002B4B46 /* ViewController.swift in Sources */,
				48563A1427DAFF92002B4B46 /* TaskItem+CoreDataProperties.swift in Sources */,
				485639F427DAF87D002B4B46 /* AppDelegate.swift in Sources */,
				485639FE27DAF87D002B4B46 /* AssignmentTen.xcdatamodeld in Sources */,
				48563A0B27DAF8C0002B4B46 /* TodoTableViewCell.swift in Sources */,
				485639F627DAF87D002B4B46 /* SceneDelegate.swift in Sources */,
				48563A1327DAFF92002B4B46 /* TaskItem+CoreDataClass.swift in Sources */,
			);
			runOnlyForDeploymentPostprocessing = 0;
		};
/* End PBXSourcesBuildPhase section */

/* Begin PBXVariantGroup section */
		485639F927DAF87D002B4B46 /* Main.storyboard */ = {
			isa = PBXVariantGroup;
			children = (
				485639FA27DAF87D002B4B46 /* Base */,
			);
			name = Main.storyboard;
			sourceTree = "<group>";
		};
		48563A0127DAF87F002B4B46 /* LaunchScreen.storyboard */ = {
			isa = PBXVariantGroup;
			children = (
				48563A0227DAF87F002B4B46 /* Base */,
			);
			name = LaunchScreen.storyboard;
			sourceTree = "<group>";
		};
/* End PBXVariantGroup section */

/* Begin XCBuildConfiguration section */
		48563A0527DAF87F002B4B46 /* Debug */ = {
			isa = XCBuildConfiguration;
			buildSettings = {
				ALWAYS_SEARCH_USER_PATHS = NO;
				CLANG_ANALYZER_NONNULL = YES;
				CLANG_ANALYZER_NUMBER_OBJECT_CONVERSION = YES_AGGRESSIVE;
				CLANG_CXX_LANGUAGE_STANDARD = "gnu++17";
				CLANG_CXX_LIBRARY = "libc++";
				CLANG_ENABLE_MODULES = YES;
				CLANG_ENABLE_OBJC_ARC = YES;
				CLANG_ENABLE_OBJC_WEAK = YES;
				CLANG_WARN_BLOCK_CAPTURE_AUTORELEASING = YES;
				CLANG_WARN_BOOL_CONVERSION = YES;
				CLANG_WARN_COMMA = YES;
				CLANG_WARN_CONSTANT_CONVERSION = YES;
				CLANG_WARN_DEPRECATED_OBJC_IMPLEMENTATIONS = YES;
				CLANG_WARN_DIRECT_OBJC_ISA_USAGE = YES_ERROR;
				CLANG_WARN_DOCUMENTATION_COMMENTS = YES;
				CLANG_WARN_EMPTY_BODY = YES;
				CLANG_WARN_ENUM_CONVERSION = YES;
				CLANG_WARN_INFINITE_RECURSION = YES;
				CLANG_WARN_INT_CONVERSION = YES;
				CLANG_WARN_NON_LITERAL_NULL_CONVERSION = YES;
				CLANG_WARN_OBJC_IMPLICIT_RETAIN_SELF = YES;
				CLANG_WARN_OBJC_LITERAL_CONVERSION = YES;
				CLANG_WARN_OBJC_ROOT_CLASS = YES_ERROR;
				CLANG_WARN_QUOTED_INCLUDE_IN_FRAMEWORK_HEADER = YES;
				CLANG_WARN_RANGE_LOOP_ANALYSIS = YES;
				CLANG_WARN_STRICT_PROTOTYPES = YES;
				CLANG_WARN_SUSPICIOUS_MOVE = YES;
				CLANG_WARN_UNGUARDED_AVAILABILITY = YES_AGGRESSIVE;
				CLANG_WARN_UNREACHABLE_CODE = YES;
				CLANG_WARN__DUPLICATE_METHOD_MATCH = YES;
				COPY_PHASE_STRIP = NO;
				DEBUG_INFORMATION_FORMAT = dwarf;
				ENABLE_STRICT_OBJC_MSGSEND = YES;
				ENABLE_TESTABILITY = YES;
				GCC_C_LANGUAGE_STANDARD = gnu11;
				GCC_DYNAMIC_NO_PIC = NO;
				GCC_NO_COMMON_BLOCKS = YES;
				GCC_OPTIMIZATION_LEVEL = 0;
				GCC_PREPROCESSOR_DEFINITIONS = (
					"DEBUG=1",
					"$(inherited)",
				);
				GCC_WARN_64_TO_32_BIT_CONVERSION = YES;
				GCC_WARN_ABOUT_RETURN_TYPE = YES_ERROR;
				GCC_WARN_UNDECLARED_SELECTOR = YES;
				GCC_WARN_UNINITIALIZED_AUTOS = YES_AGGRESSIVE;
				GCC_WARN_UNUSED_FUNCTION = YES;
				GCC_WARN_UNUSED_VARIABLE = YES;
				IPHONEOS_DEPLOYMENT_TARGET = 15.2;
				MTL_ENABLE_DEBUG_INFO = INCLUDE_SOURCE;
				MTL_FAST_MATH = YES;
				ONLY_ACTIVE_ARCH = YES;
				SDKROOT = iphoneos;
				SWIFT_ACTIVE_COMPILATION_CONDITIONS = DEBUG;
				SWIFT_OPTIMIZATION_LEVEL = "-Onone";
			};
			name = Debug;
		};
		48563A0627DAF87F002B4B46 /* Release */ = {
			isa = XCBuildConfiguration;
			buildSettings = {
				ALWAYS_SEARCH_USER_PATHS = NO;
				CLANG_ANALYZER_NONNULL = YES;
				CLANG_ANALYZER_NUMBER_OBJECT_CONVERSION = YES_AGGRESSIVE;
				CLANG_CXX_LANGUAGE_STANDARD = "gnu++17";
				CLANG_CXX_LIBRARY = "libc++";
				CLANG_ENABLE_MODULES = YES;
				CLANG_ENABLE_OBJC_ARC = YES;
				CLANG_ENABLE_OBJC_WEAK = YES;
				CLANG_WARN_BLOCK_CAPTURE_AUTORELEASING = YES;
				CLANG_WARN_BOOL_CONVERSION = YES;
				CLANG_WARN_COMMA = YES;
				CLANG_WARN_CONSTANT_CONVERSION = YES;
				CLANG_WARN_DEPRECATED_OBJC_IMPLEMENTATIONS = YES;
				CLANG_WARN_DIRECT_OBJC_ISA_USAGE = YES_ERROR;
				CLANG_WARN_DOCUMENTATION_COMMENTS = YES;
				CLANG_WARN_EMPTY_BODY = YES;
				CLANG_WARN_ENUM_CONVERSION = YES;
				CLANG_WARN_INFINITE_RECURSION = YES;
				CLANG_WARN_INT_CONVERSION = YES;
				CLANG_WARN_NON_LITERAL_NULL_CONVERSION = YES;
				CLANG_WARN_OBJC_IMPLICIT_RETAIN_SELF = YES;
				CLANG_WARN_OBJC_LITERAL_CONVERSION = YES;
				CLANG_WARN_OBJC_ROOT_CLASS = YES_ERROR;
				CLANG_WARN_QUOTED_INCLUDE_IN_FRAMEWORK_HEADER = YES;
				CLANG_WARN_RANGE_LOOP_ANALYSIS = YES;
				CLANG_WARN_STRICT_PROTOTYPES = YES;
				CLANG_WARN_SUSPICIOUS_MOVE = YES;
				CLANG_WARN_UNGUARDED_AVAILABILITY = YES_AGGRESSIVE;
				CLANG_WARN_UNREACHABLE_CODE = YES;
				CLANG_WARN__DUPLICATE_METHOD_MATCH = YES;
				COPY_PHASE_STRIP = NO;
				DEBUG_INFORMATION_FORMAT = "dwarf-with-dsym";
				ENABLE_NS_ASSERTIONS = NO;
				ENABLE_STRICT_OBJC_MSGSEND = YES;
				GCC_C_LANGUAGE_STANDARD = gnu11;
				GCC_NO_COMMON_BLOCKS = YES;
				GCC_WARN_64_TO_32_BIT_CONVERSION = YES;
				GCC_WARN_ABOUT_RETURN_TYPE = YES_ERROR;
				GCC_WARN_UNDECLARED_SELECTOR = YES;
				GCC_WARN_UNINITIALIZED_AUTOS = YES_AGGRESSIVE;
				GCC_WARN_UNUSED_FUNCTION = YES;
				GCC_WARN_UNUSED_VARIABLE = YES;
				IPHONEOS_DEPLOYMENT_TARGET = 15.2;
				MTL_ENABLE_DEBUG_INFO = NO;
				MTL_FAST_MATH = YES;
				SDKROOT = iphoneos;
				SWIFT_COMPILATION_MODE = wholemodule;
				SWIFT_OPTIMIZATION_LEVEL = "-O";
				VALIDATE_PRODUCT = YES;
			};
			name = Release;
		};
		48563A0827DAF87F002B4B46 /* Debug */ = {
			isa = XCBuildConfiguration;
			buildSettings = {
				ASSETCATALOG_COMPILER_APPICON_NAME = AppIcon;
				ASSETCATALOG_COMPILER_GLOBAL_ACCENT_COLOR_NAME = AccentColor;
				CODE_SIGN_STYLE = Automatic;
				CURRENT_PROJECT_VERSION = 1;
				GENERATE_INFOPLIST_FILE = YES;
				INFOPLIST_FILE = AssignmentTen/Info.plist;
				INFOPLIST_KEY_UIApplicationSupportsIndirectInputEvents = YES;
				INFOPLIST_KEY_UILaunchStoryboardName = LaunchScreen;
				INFOPLIST_KEY_UIMainStoryboardFile = Main;
				INFOPLIST_KEY_UISupportedInterfaceOrientations_iPad = "UIInterfaceOrientationPortrait UIInterfaceOrientationPortraitUpsideDown UIInterfaceOrientationLandscapeLeft UIInterfaceOrientationLandscapeRight";
				INFOPLIST_KEY_UISupportedInterfaceOrientations_iPhone = "UIInterfaceOrientationPortrait UIInterfaceOrientationLandscapeLeft UIInterfaceOrientationLandscapeRight";
				LD_RUNPATH_SEARCH_PATHS = (
					"$(inherited)",
					"@executable_path/Frameworks",
				);
				MARKETING_VERSION = 1.0;
				PRODUCT_BUNDLE_IDENTIFIER = com.karma.AssignmentTen;
				PRODUCT_NAME = "$(TARGET_NAME)";
				SWIFT_EMIT_LOC_STRINGS = YES;
				SWIFT_VERSION = 5.0;
				TARGETED_DEVICE_FAMILY = "1,2";
			};
			name = Debug;
		};
		48563A0927DAF87F002B4B46 /* Release */ = {
			isa = XCBuildConfiguration;
			buildSettings = {
				ASSETCATALOG_COMPILER_APPICON_NAME = AppIcon;
				ASSETCATALOG_COMPILER_GLOBAL_ACCENT_COLOR_NAME = AccentColor;
				CODE_SIGN_STYLE = Automatic;
				CURRENT_PROJECT_VERSION = 1;
				GENERATE_INFOPLIST_FILE = YES;
				INFOPLIST_FILE = AssignmentTen/Info.plist;
				INFOPLIST_KEY_UIApplicationSupportsIndirectInputEvents = YES;
				INFOPLIST_KEY_UILaunchStoryboardName = LaunchScreen;
				INFOPLIST_KEY_UIMainStoryboardFile = Main;
				INFOPLIST_KEY_UISupportedInterfaceOrientations_iPad = "UIInterfaceOrientationPortrait UIInterfaceOrientationPortraitUpsideDown UIInterfaceOrientationLandscapeLeft UIInterfaceOrientationLandscapeRight";
				INFOPLIST_KEY_UISupportedInterfaceOrientations_iPhone = "UIInterfaceOrientationPortrait UIInterfaceOrientationLandscapeLeft UIInterfaceOrientationLandscapeRight";
				LD_RUNPATH_SEARCH_PATHS = (
					"$(inherited)",
					"@executable_path/Frameworks",
				);
				MARKETING_VERSION = 1.0;
				PRODUCT_BUNDLE_IDENTIFIER = com.karma.AssignmentTen;
				PRODUCT_NAME = "$(TARGET_NAME)";
				SWIFT_EMIT_LOC_STRINGS = YES;
				SWIFT_VERSION = 5.0;
				TARGETED_DEVICE_FAMILY = "1,2";
			};
			name = Release;
		};
/* End XCBuildConfiguration section */

/* Begin XCConfigurationList section */
		485639EB27DAF87C002B4B46 /* Build configuration list for PBXProject "AssignmentTen" */ = {
			isa = XCConfigurationList;
			buildConfigurations = (
				48563A0527DAF87F002B4B46 /* Debug */,
				48563A0627DAF87F002B4B46 /* Release */,
			);
			defaultConfigurationIsVisible = 0;
			defaultConfigurationName = Release;
		};
		48563A0727DAF87F002B4B46 /* Build configuration list for PBXNativeTarget "AssignmentTen" */ = {
			isa = XCConfigurationList;
			buildConfigurations = (
				48563A0827DAF87F002B4B46 /* Debug */,
				48563A0927DAF87F002B4B46 /* Release */,
			);
			defaultConfigurationIsVisible = 0;
			defaultConfigurationName = Release;
		};
/* End XCConfigurationList section */

/* Begin XCVersionGroup section */
		485639FC27DAF87D002B4B46 /* AssignmentTen.xcdatamodeld */ = {
			isa = XCVersionGroup;
			children = (
				485639FD27DAF87D002B4B46 /* AssignmentTen.xcdatamodel */,
			);
			currentVersion = 485639FD27DAF87D002B4B46 /* AssignmentTen.xcdatamodel */;
			path = AssignmentTen.xcdatamodeld;
			sourceTree = "<group>";
			versionGroupType = wrapper.xcdatamodel;
		};
/* End XCVersionGroup section */
	};
	rootObject = 485639E827DAF87C002B4B46 /* Project object */;
}
